// !$*UTF8*$!
{
	archiveVersion = 1;
	classes = {
	};
	objectVersion = 50;
	objects = {

/* Begin PBXBuildFile section */
		655F5FA221E6111D00D40EE3 /* AppDelegate.m in Sources */ = {isa = PBXBuildFile; fileRef = 655F5FA121E6111D00D40EE3 /* AppDelegate.m */; };
		655F5FA521E6111D00D40EE3 /* ViewController.m in Sources */ = {isa = PBXBuildFile; fileRef = 655F5FA421E6111D00D40EE3 /* ViewController.m */; };
		655F5FA821E6111D00D40EE3 /* Main.storyboard in Resources */ = {isa = PBXBuildFile; fileRef = 655F5FA621E6111D00D40EE3 /* Main.storyboard */; };
		655F5FAA21E6111F00D40EE3 /* Assets.xcassets in Resources */ = {isa = PBXBuildFile; fileRef = 655F5FA921E6111F00D40EE3 /* Assets.xcassets */; };
		655F5FAD21E6111F00D40EE3 /* LaunchScreen.storyboard in Resources */ = {isa = PBXBuildFile; fileRef = 655F5FAB21E6111F00D40EE3 /* LaunchScreen.storyboard */; };
		655F5FB021E6111F00D40EE3 /* main.m in Sources */ = {isa = PBXBuildFile; fileRef = 655F5FAF21E6111F00D40EE3 /* main.m */; };
		655F5FBA21E6112000D40EE3 /* PagingTableViewTests.m in Sources */ = {isa = PBXBuildFile; fileRef = 655F5FB921E6112000D40EE3 /* PagingTableViewTests.m */; };
		655F5FC521E6112000D40EE3 /* PagingTableViewUITests.m in Sources */ = {isa = PBXBuildFile; fileRef = 655F5FC421E6112000D40EE3 /* PagingTableViewUITests.m */; };
/* End PBXBuildFile section */

/* Begin PBXContainerItemProxy section */
		655F5FB621E6112000D40EE3 /* PBXContainerItemProxy */ = {
			isa = PBXContainerItemProxy;
			containerPortal = 655F5F9521E6111D00D40EE3 /* Project object */;
			proxyType = 1;
			remoteGlobalIDString = 655F5F9C21E6111D00D40EE3;
			remoteInfo = PagingTableView;
		};
		655F5FC121E6112000D40EE3 /* PBXContainerItemProxy */ = {
			isa = PBXContainerItemProxy;
			containerPortal = 655F5F9521E6111D00D40EE3 /* Project object */;
			proxyType = 1;
			remoteGlobalIDString = 655F5F9C21E6111D00D40EE3;
			remoteInfo = PagingTableView;
		};
/* End PBXContainerItemProxy section */

/* Begin PBXFileReference section */
		655F5F9D21E6111D00D40EE3 /* PagingTableView.app */ = {isa = PBXFileReference; explicitFileType = wrapper.application; includeInIndex = 0; path = PagingTableView.app; sourceTree = BUILT_PRODUCTS_DIR; };
		655F5FA021E6111D00D40EE3 /* AppDelegate.h */ = {isa = PBXFileReference; lastKnownFileType = sourcecode.c.h; path = AppDelegate.h; sourceTree = "<group>"; };
		655F5FA121E6111D00D40EE3 /* AppDelegate.m */ = {isa = PBXFileReference; lastKnownFileType = sourcecode.c.objc; path = AppDelegate.m; sourceTree = "<group>"; };
		655F5FA321E6111D00D40EE3 /* ViewController.h */ = {isa = PBXFileReference; lastKnownFileType = sourcecode.c.h; path = ViewController.h; sourceTree = "<group>"; };
		655F5FA421E6111D00D40EE3 /* ViewController.m */ = {isa = PBXFileReference; lastKnownFileType = sourcecode.c.objc; path = ViewController.m; sourceTree = "<group>"; };
		655F5FA721E6111D00D40EE3 /* Base */ = {isa = PBXFileReference; lastKnownFileType = file.storyboard; name = Base; path = Base.lproj/Main.storyboard; sourceTree = "<group>"; };
		655F5FA921E6111F00D40EE3 /* Assets.xcassets */ = {isa = PBXFileReference; lastKnownFileType = folder.assetcatalog; path = Assets.xcassets; sourceTree = "<group>"; };
		655F5FAC21E6111F00D40EE3 /* Base */ = {isa = PBXFileReference; lastKnownFileType = file.storyboard; name = Base; path = Base.lproj/LaunchScreen.storyboard; sourceTree = "<group>"; };
		655F5FAE21E6111F00D40EE3 /* Info.plist */ = {isa = PBXFileReference; lastKnownFileType = text.plist.xml; path = Info.plist; sourceTree = "<group>"; };
		655F5FAF21E6111F00D40EE3 /* main.m */ = {isa = PBXFileReference; lastKnownFileType = sourcecode.c.objc; path = main.m; sourceTree = "<group>"; };
		655F5FB521E6112000D40EE3 /* PagingTableViewTests.xctest */ = {isa = PBXFileReference; explicitFileType = wrapper.cfbundle; includeInIndex = 0; path = PagingTableViewTests.xctest; sourceTree = BUILT_PRODUCTS_DIR; };
		655F5FB921E6112000D40EE3 /* PagingTableViewTests.m */ = {isa = PBXFileReference; lastKnownFileType = sourcecode.c.objc; path = PagingTableViewTests.m; sourceTree = "<group>"; };
		655F5FBB21E6112000D40EE3 /* Info.plist */ = {isa = PBXFileReference; lastKnownFileType = text.plist.xml; path = Info.plist; sourceTree = "<group>"; };
		655F5FC021E6112000D40EE3 /* PagingTableViewUITests.xctest */ = {isa = PBXFileReference; explicitFileType = wrapper.cfbundle; includeInIndex = 0; path = PagingTableViewUITests.xctest; sourceTree = BUILT_PRODUCTS_DIR; };
		655F5FC421E6112000D40EE3 /* PagingTableViewUITests.m */ = {isa = PBXFileReference; lastKnownFileType = sourcecode.c.objc; path = PagingTableViewUITests.m; sourceTree = "<group>"; };
		655F5FC621E6112000D40EE3 /* Info.plist */ = {isa = PBXFileReference; lastKnownFileType = text.plist.xml; path = Info.plist; sourceTree = "<group>"; };
/* End PBXFileReference section */

/* Begin PBXFrameworksBuildPhase section */
		655F5F9A21E6111D00D40EE3 /* Frameworks */ = {
			isa = PBXFrameworksBuildPhase;
			buildActionMask = 2147483647;
			files = (
			);
			runOnlyForDeploymentPostprocessing = 0;
		};
		655F5FB221E6112000D40EE3 /* Frameworks */ = {
			isa = PBXFrameworksBuildPhase;
			buildActionMask = 2147483647;
			files = (
			);
			runOnlyForDeploymentPostprocessing = 0;
		};
		655F5FBD21E6112000D40EE3 /* Frameworks */ = {
			isa = PBXFrameworksBuildPhase;
			buildActionMask = 2147483647;
			files = (
			);
			runOnlyForDeploymentPostprocessing = 0;
		};
/* End PBXFrameworksBuildPhase section */

/* Begin PBXGroup section */
		655F5F9421E6111D00D40EE3 = {
			isa = PBXGroup;
			children = (
				655F5F9F21E6111D00D40EE3 /* PagingTableView */,
				655F5FB821E6112000D40EE3 /* PagingTableViewTests */,
				655F5FC321E6112000D40EE3 /* PagingTableViewUITests */,
				655F5F9E21E6111D00D40EE3 /* Products */,
			);
			sourceTree = "<group>";
		};
		655F5F9E21E6111D00D40EE3 /* Products */ = {
			isa = PBXGroup;
			children = (
				655F5F9D21E6111D00D40EE3 /* PagingTableView.app */,
				655F5FB521E6112000D40EE3 /* PagingTableViewTests.xctest */,
				655F5FC021E6112000D40EE3 /* PagingTableViewUITests.xctest */,
			);
			name = Products;
			sourceTree = "<group>";
		};
		655F5F9F21E6111D00D40EE3 /* PagingTableView */ = {
			isa = PBXGroup;
			children = (
				655F5FA021E6111D00D40EE3 /* AppDelegate.h */,
				655F5FA121E6111D00D40EE3 /* AppDelegate.m */,
				655F5FA321E6111D00D40EE3 /* ViewController.h */,
				655F5FA421E6111D00D40EE3 /* ViewController.m */,
				655F5FA621E6111D00D40EE3 /* Main.storyboard */,
				655F5FA921E6111F00D40EE3 /* Assets.xcassets */,
				655F5FAB21E6111F00D40EE3 /* LaunchScreen.storyboard */,
				655F5FAE21E6111F00D40EE3 /* Info.plist */,
				655F5FAF21E6111F00D40EE3 /* main.m */,
			);
			path = PagingTableView;
			sourceTree = "<group>";
		};
		655F5FB821E6112000D40EE3 /* PagingTableViewTests */ = {
			isa = PBXGroup;
			children = (
				655F5FB921E6112000D40EE3 /* PagingTableViewTests.m */,
				655F5FBB21E6112000D40EE3 /* Info.plist */,
			);
			path = PagingTableViewTests;
			sourceTree = "<group>";
		};
		655F5FC321E6112000D40EE3 /* PagingTableViewUITests */ = {
			isa = PBXGroup;
			children = (
				655F5FC421E6112000D40EE3 /* PagingTableViewUITests.m */,
				655F5FC621E6112000D40EE3 /* Info.plist */,
			);
			path = PagingTableViewUITests;
			sourceTree = "<group>";
		};
/* End PBXGroup section */

/* Begin PBXNativeTarget section */
		655F5F9C21E6111D00D40EE3 /* PagingTableView */ = {
			isa = PBXNativeTarget;
			buildConfigurationList = 655F5FC921E6112000D40EE3 /* Build configuration list for PBXNativeTarget "PagingTableView" */;
			buildPhases = (
				655F5F9921E6111D00D40EE3 /* Sources */,
				655F5F9A21E6111D00D40EE3 /* Frameworks */,
				655F5F9B21E6111D00D40EE3 /* Resources */,
			);
			buildRules = (
			);
			dependencies = (
			);
			name = PagingTableView;
			productName = PagingTableView;
			productReference = 655F5F9D21E6111D00D40EE3 /* PagingTableView.app */;
			productType = "com.apple.product-type.application";
		};
		655F5FB421E6112000D40EE3 /* PagingTableViewTests */ = {
			isa = PBXNativeTarget;
			buildConfigurationList = 655F5FCC21E6112000D40EE3 /* Build configuration list for PBXNativeTarget "PagingTableViewTests" */;
			buildPhases = (
				655F5FB121E6112000D40EE3 /* Sources */,
				655F5FB221E6112000D40EE3 /* Frameworks */,
				655F5FB321E6112000D40EE3 /* Resources */,
			);
			buildRules = (
			);
			dependencies = (
				655F5FB721E6112000D40EE3 /* PBXTargetDependency */,
			);
			name = PagingTableViewTests;
			productName = PagingTableViewTests;
			productReference = 655F5FB521E6112000D40EE3 /* PagingTableViewTests.xctest */;
			productType = "com.apple.product-type.bundle.unit-test";
		};
		655F5FBF21E6112000D40EE3 /* PagingTableViewUITests */ = {
			isa = PBXNativeTarget;
			buildConfigurationList = 655F5FCF21E6112000D40EE3 /* Build configuration list for PBXNativeTarget "PagingTableViewUITests" */;
			buildPhases = (
				655F5FBC21E6112000D40EE3 /* Sources */,
				655F5FBD21E6112000D40EE3 /* Frameworks */,
				655F5FBE21E6112000D40EE3 /* Resources */,
			);
			buildRules = (
			);
			dependencies = (
				655F5FC221E6112000D40EE3 /* PBXTargetDependency */,
			);
			name = PagingTableViewUITests;
			productName = PagingTableViewUITests;
			productReference = 655F5FC021E6112000D40EE3 /* PagingTableViewUITests.xctest */;
			productType = "com.apple.product-type.bundle.ui-testing";
		};
/* End PBXNativeTarget section */

/* Begin PBXProject section */
		655F5F9521E6111D00D40EE3 /* Project object */ = {
			isa = PBXProject;
			attributes = {
				LastUpgradeCheck = 1010;
				ORGANIZATIONNAME = Reatchall;
				TargetAttributes = {
					655F5F9C21E6111D00D40EE3 = {
						CreatedOnToolsVersion = 10.1;
					};
					655F5FB421E6112000D40EE3 = {
						CreatedOnToolsVersion = 10.1;
						TestTargetID = 655F5F9C21E6111D00D40EE3;
					};
					655F5FBF21E6112000D40EE3 = {
						CreatedOnToolsVersion = 10.1;
						TestTargetID = 655F5F9C21E6111D00D40EE3;
					};
				};
			};
			buildConfigurationList = 655F5F9821E6111D00D40EE3 /* Build configuration list for PBXProject "PagingTableView" */;
			compatibilityVersion = "Xcode 9.3";
			developmentRegion = en;
			hasScannedForEncodings = 0;
			knownRegions = (
				en,
				Base,
			);
			mainGroup = 655F5F9421E6111D00D40EE3;
			productRefGroup = 655F5F9E21E6111D00D40EE3 /* Products */;
			projectDirPath = "";
			projectRoot = "";
			targets = (
				655F5F9C21E6111D00D40EE3 /* PagingTableView */,
				655F5FB421E6112000D40EE3 /* PagingTableViewTests */,
				655F5FBF21E6112000D40EE3 /* PagingTableViewUITests */,
			);
		};
/* End PBXProject section */

/* Begin PBXResourcesBuildPhase section */
		655F5F9B21E6111D00D40EE3 /* Resources */ = {
			isa = PBXResourcesBuildPhase;
			buildActionMask = 2147483647;
			files = (
				655F5FAD21E6111F00D40EE3 /* LaunchScreen.storyboard in Resources */,
				655F5FAA21E6111F00D40EE3 /* Assets.xcassets in Resources */,
				655F5FA821E6111D00D40EE3 /* Main.storyboard in Resources */,
			);
			runOnlyForDeploymentPostprocessing = 0;
		};
		655F5FB321E6112000D40EE3 /* Resources */ = {
			isa = PBXResourcesBuildPhase;
			buildActionMask = 2147483647;
			files = (
			);
			runOnlyForDeploymentPostprocessing = 0;
		};
		655F5FBE21E6112000D40EE3 /* Resources */ = {
			isa = PBXResourcesBuildPhase;
			buildActionMask = 2147483647;
			files = (
			);
			runOnlyForDeploymentPostprocessing = 0;
		};
/* End PBXResourcesBuildPhase section */

/* Begin PBXSourcesBuildPhase section */
		655F5F9921E6111D00D40EE3 /* Sources */ = {
			isa = PBXSourcesBuildPhase;
			buildActionMask = 2147483647;
			files = (
				655F5FA521E6111D00D40EE3 /* ViewController.m in Sources */,
				655F5FB021E6111F00D40EE3 /* main.m in Sources */,
				655F5FA221E6111D00D40EE3 /* AppDelegate.m in Sources */,
			);
			runOnlyForDeploymentPostprocessing = 0;
		};
		655F5FB121E6112000D40EE3 /* Sources */ = {
			isa = PBXSourcesBuildPhase;
			buildActionMask = 2147483647;
			files = (
				655F5FBA21E6112000D40EE3 /* PagingTableViewTests.m in Sources */,
			);
			runOnlyForDeploymentPostprocessing = 0;
		};
		655F5FBC21E6112000D40EE3 /* Sources */ = {
			isa = PBXSourcesBuildPhase;
			buildActionMask = 2147483647;
			files = (
				655F5FC521E6112000D40EE3 /* PagingTableViewUITests.m in Sources */,
			);
			runOnlyForDeploymentPostprocessing = 0;
		};
/* End PBXSourcesBuildPhase section */

/* Begin PBXTargetDependency section */
		655F5FB721E6112000D40EE3 /* PBXTargetDependency */ = {
			isa = PBXTargetDependency;
			target = 655F5F9C21E6111D00D40EE3 /* PagingTableView */;
			targetProxy = 655F5FB621E6112000D40EE3 /* PBXContainerItemProxy */;
		};
		655F5FC221E6112000D40EE3 /* PBXTargetDependency */ = {
			isa = PBXTargetDependency;
			target = 655F5F9C21E6111D00D40EE3 /* PagingTableView */;
			targetProxy = 655F5FC121E6112000D40EE3 /* PBXContainerItemProxy */;
		};
/* End PBXTargetDependency section */

/* Begin PBXVariantGroup section */
		655F5FA621E6111D00D40EE3 /* Main.storyboard */ = {
			isa = PBXVariantGroup;
			children = (
				655F5FA721E6111D00D40EE3 /* Base */,
			);
			name = Main.storyboard;
			sourceTree = "<group>";
		};
		655F5FAB21E6111F00D40EE3 /* LaunchScreen.storyboard */ = {
			isa = PBXVariantGroup;
			children = (
				655F5FAC21E6111F00D40EE3 /* Base */,
			);
			name = LaunchScreen.storyboard;
			sourceTree = "<group>";
		};
/* End PBXVariantGroup section */

/* Begin XCBuildConfiguration section */
		655F5FC721E6112000D40EE3 /* Debug */ = {
			isa = XCBuildConfiguration;
			buildSettings = {
				ALWAYS_SEARCH_USER_PATHS = NO;
				CLANG_ANALYZER_NONNULL = YES;
				CLANG_ANALYZER_NUMBER_OBJECT_CONVERSION = YES_AGGRESSIVE;
				CLANG_CXX_LANGUAGE_STANDARD = "gnu++14";
				CLANG_CXX_LIBRARY = "libc++";
				CLANG_ENABLE_MODULES = YES;
				CLANG_ENABLE_OBJC_ARC = YES;
				CLANG_ENABLE_OBJC_WEAK = YES;
				CLANG_WARN_BLOCK_CAPTURE_AUTORELEASING = YES;
				CLANG_WARN_BOOL_CONVERSION = YES;
				CLANG_WARN_COMMA = YES;
				CLANG_WARN_CONSTANT_CONVERSION = YES;
				CLANG_WARN_DEPRECATED_OBJC_IMPLEMENTATIONS = YES;
				CLANG_WARN_DIRECT_OBJC_ISA_USAGE = YES_ERROR;
				CLANG_WARN_DOCUMENTATION_COMMENTS = YES;
				CLANG_WARN_EMPTY_BODY = YES;
				CLANG_WARN_ENUM_CONVERSION = YES;
				CLANG_WARN_INFINITE_RECURSION = YES;
				CLANG_WARN_INT_CONVERSION = YES;
				CLANG_WARN_NON_LITERAL_NULL_CONVERSION = YES;
				CLANG_WARN_OBJC_IMPLICIT_RETAIN_SELF = YES;
				CLANG_WARN_OBJC_LITERAL_CONVERSION = YES;
				CLANG_WARN_OBJC_ROOT_CLASS = YES_ERROR;
				CLANG_WARN_RANGE_LOOP_ANALYSIS = YES;
				CLANG_WARN_STRICT_PROTOTYPES = YES;
				CLANG_WARN_SUSPICIOUS_MOVE = YES;
				CLANG_WARN_UNGUARDED_AVAILABILITY = YES_AGGRESSIVE;
				CLANG_WARN_UNREACHABLE_CODE = YES;
				CLANG_WARN__DUPLICATE_METHOD_MATCH = YES;
				CODE_SIGN_IDENTITY = "iPhone Developer";
				COPY_PHASE_STRIP = NO;
				DEBUG_INFORMATION_FORMAT = dwarf;
				ENABLE_STRICT_OBJC_MSGSEND = YES;
				ENABLE_TESTABILITY = YES;
				GCC_C_LANGUAGE_STANDARD = gnu11;
				GCC_DYNAMIC_NO_PIC = NO;
				GCC_NO_COMMON_BLOCKS = YES;
				GCC_OPTIMIZATION_LEVEL = 0;
				GCC_PREPROCESSOR_DEFINITIONS = (
					"DEBUG=1",
					"$(inherited)",
				);
				GCC_WARN_64_TO_32_BIT_CONVERSION = YES;
				GCC_WARN_ABOUT_RETURN_TYPE = YES_ERROR;
				GCC_WARN_UNDECLARED_SELECTOR = YES;
				GCC_WARN_UNINITIALIZED_AUTOS = YES_AGGRESSIVE;
				GCC_WARN_UNUSED_FUNCTION = YES;
				GCC_WARN_UNUSED_VARIABLE = YES;
				IPHONEOS_DEPLOYMENT_TARGET = 12.1;
				MTL_ENABLE_DEBUG_INFO = INCLUDE_SOURCE;
				MTL_FAST_MATH = YES;
				ONLY_ACTIVE_ARCH = YES;
				SDKROOT = iphoneos;
			};
			name = Debug;
		};
		655F5FC821E6112000D40EE3 /* Release */ = {
			isa = XCBuildConfiguration;
			buildSettings = {
				ALWAYS_SEARCH_USER_PATHS = NO;
				CLANG_ANALYZER_NONNULL = YES;
				CLANG_ANALYZER_NUMBER_OBJECT_CONVERSION = YES_AGGRESSIVE;
				CLANG_CXX_LANGUAGE_STANDARD = "gnu++14";
				CLANG_CXX_LIBRARY = "libc++";
				CLANG_ENABLE_MODULES = YES;
				CLANG_ENABLE_OBJC_ARC = YES;
				CLANG_ENABLE_OBJC_WEAK = YES;
				CLANG_WARN_BLOCK_CAPTURE_AUTORELEASING = YES;
				CLANG_WARN_BOOL_CONVERSION = YES;
				CLANG_WARN_COMMA = YES;
				CLANG_WARN_CONSTANT_CONVERSION = YES;
				CLANG_WARN_DEPRECATED_OBJC_IMPLEMENTATIONS = YES;
				CLANG_WARN_DIRECT_OBJC_ISA_USAGE = YES_ERROR;
				CLANG_WARN_DOCUMENTATION_COMMENTS = YES;
				CLANG_WARN_EMPTY_BODY = YES;
				CLANG_WARN_ENUM_CONVERSION = YES;
				CLANG_WARN_INFINITE_RECURSION = YES;
				CLANG_WARN_INT_CONVERSION = YES;
				CLANG_WARN_NON_LITERAL_NULL_CONVERSION = YES;
				CLANG_WARN_OBJC_IMPLICIT_RETAIN_SELF = YES;
				CLANG_WARN_OBJC_LITERAL_CONVERSION = YES;
				CLANG_WARN_OBJC_ROOT_CLASS = YES_ERROR;
				CLANG_WARN_RANGE_LOOP_ANALYSIS = YES;
				CLANG_WARN_STRICT_PROTOTYPES = YES;
				CLANG_WARN_SUSPICIOUS_MOVE = YES;
				CLANG_WARN_UNGUARDED_AVAILABILITY = YES_AGGRESSIVE;
				CLANG_WARN_UNREACHABLE_CODE = YES;
				CLANG_WARN__DUPLICATE_METHOD_MATCH = YES;
				CODE_SIGN_IDENTITY = "iPhone Developer";
				COPY_PHASE_STRIP = NO;
				DEBUG_INFORMATION_FORMAT = "dwarf-with-dsym";
				ENABLE_NS_ASSERTIONS = NO;
				ENABLE_STRICT_OBJC_MSGSEND = YES;
				GCC_C_LANGUAGE_STANDARD = gnu11;
				GCC_NO_COMMON_BLOCKS = YES;
				GCC_WARN_64_TO_32_BIT_CONVERSION = YES;
				GCC_WARN_ABOUT_RETURN_TYPE = YES_ERROR;
				GCC_WARN_UNDECLARED_SELECTOR = YES;
				GCC_WARN_UNINITIALIZED_AUTOS = YES_AGGRESSIVE;
				GCC_WARN_UNUSED_FUNCTION = YES;
				GCC_WARN_UNUSED_VARIABLE = YES;
				IPHONEOS_DEPLOYMENT_TARGET = 12.1;
				MTL_ENABLE_DEBUG_INFO = NO;
				MTL_FAST_MATH = YES;
				SDKROOT = iphoneos;
				VALIDATE_PRODUCT = YES;
			};
			name = Release;
		};
		655F5FCA21E6112000D40EE3 /* Debug */ = {
			isa = XCBuildConfiguration;
			buildSettings = {
				ASSETCATALOG_COMPILER_APPICON_NAME = AppIcon;
				CODE_SIGN_STYLE = Automatic;
				DEVELOPMENT_TEAM = D6G86T5G6A;
				INFOPLIST_FILE = PagingTableView/Info.plist;
				LD_RUNPATH_SEARCH_PATHS = (
					"$(inherited)",
					"@executable_path/Frameworks",
				);
				PRODUCT_BUNDLE_IDENTIFIER = com.Reatchall.PagingTableView;
				PRODUCT_NAME = "$(TARGET_NAME)";
				TARGETED_DEVICE_FAMILY = "1,2";
			};
			name = Debug;
		};
		655F5FCB21E6112000D40EE3 /* Release */ = {
			isa = XCBuildConfiguration;
			buildSettings = {
				ASSETCATALOG_COMPILER_APPICON_NAME = AppIcon;
				CODE_SIGN_STYLE = Automatic;
				DEVELOPMENT_TEAM = D6G86T5G6A;
				INFOPLIST_FILE = PagingTableView/Info.plist;
				LD_RUNPATH_SEARCH_PATHS = (
					"$(inherited)",
					"@executable_path/Frameworks",
				);
				PRODUCT_BUNDLE_IDENTIFIER = com.Reatchall.PagingTableView;
				PRODUCT_NAME = "$(TARGET_NAME)";
				TARGETED_DEVICE_FAMILY = "1,2";
			};
			name = Release;
		};
		655F5FCD21E6112000D40EE3 /* Debug */ = {
			isa = XCBuildConfiguration;
			buildSettings = {
				BUNDLE_LOADER = "$(TEST_HOST)";
				CODE_SIGN_STYLE = Automatic;
				DEVELOPMENT_TEAM = D6G86T5G6A;
				INFOPLIST_FILE = PagingTableViewTests/Info.plist;
				LD_RUNPATH_SEARCH_PATHS = (
					"$(inherited)",
					"@executable_path/Frameworks",
					"@loader_path/Frameworks",
				);
				PRODUCT_BUNDLE_IDENTIFIER = com.Reatchall.PagingTableViewTests;
				PRODUCT_NAME = "$(TARGET_NAME)";
				TARGETED_DEVICE_FAMILY = "1,2";
				TEST_HOST = "$(BUILT_PRODUCTS_DIR)/PagingTableView.app/PagingTableView";
			};
			name = Debug;
		};
		655F5FCE21E6112000D40EE3 /* Release */ = {
			isa = XCBuildConfiguration;
			buildSettings = {
				BUNDLE_LOADER = "$(TEST_HOST)";
				CODE_SIGN_STYLE = Automatic;
				DEVELOPMENT_TEAM = D6G86T5G6A;
				INFOPLIST_FILE = PagingTableViewTests/Info.plist;
				LD_RUNPATH_SEARCH_PATHS = (
					"$(inherited)",
					"@executable_path/Frameworks",
					"@loader_path/Frameworks",
				);
				PRODUCT_BUNDLE_IDENTIFIER = com.Reatchall.PagingTableViewTests;
				PRODUCT_NAME = "$(TARGET_NAME)";
				TARGETED_DEVICE_FAMILY = "1,2";
				TEST_HOST = "$(BUILT_PRODUCTS_DIR)/PagingTableView.app/PagingTableView";
			};
			name = Release;
		};
		655F5FD021E6112000D40EE3 /* Debug */ = {
			isa = XCBuildConfiguration;
			buildSettings = {
				CODE_SIGN_STYLE = Automatic;
				DEVELOPMENT_TEAM = D6G86T5G6A;
				INFOPLIST_FILE = PagingTableViewUITests/Info.plist;
				LD_RUNPATH_SEARCH_PATHS = (
					"$(inherited)",
					"@executable_path/Frameworks",
					"@loader_path/Frameworks",
				);
				PRODUCT_BUNDLE_IDENTIFIER = com.Reatchall.PagingTableViewUITests;
				PRODUCT_NAME = "$(TARGET_NAME)";
				TARGETED_DEVICE_FAMILY = "1,2";
				TEST_TARGET_NAME = PagingTableView;
			};
			name = Debug;
		};
		655F5FD121E6112000D40EE3 /* Release */ = {
			isa = XCBuildConfiguration;
			buildSettings = {
				CODE_SIGN_STYLE = Automatic;
				DEVELOPMENT_TEAM = D6G86T5G6A;
				INFOPLIST_FILE = PagingTableViewUITests/Info.plist;
				LD_RUNPATH_SEARCH_PATHS = (
					"$(inherited)",
					"@executable_path/Frameworks",
					"@loader_path/Frameworks",
				);
				PRODUCT_BUNDLE_IDENTIFIER = com.Reatchall.PagingTableViewUITests;
				PRODUCT_NAME = "$(TARGET_NAME)";
				TARGETED_DEVICE_FAMILY = "1,2";
				TEST_TARGET_NAME = PagingTableView;
			};
			name = Release;
		};
/* End XCBuildConfiguration section */

/* Begin XCConfigurationList section */
		655F5F9821E6111D00D40EE3 /* Build configuration list for PBXProject "PagingTableView" */ = {
			isa = XCConfigurationList;
			buildConfigurations = (
				655F5FC721E6112000D40EE3 /* Debug */,
				655F5FC821E6112000D40EE3 /* Release */,
			);
			defaultConfigurationIsVisible = 0;
			defaultConfigurationName = Release;
		};
		655F5FC921E6112000D40EE3 /* Build configuration list for PBXNativeTarget "PagingTableView" */ = {
			isa = XCConfigurationList;
			buildConfigurations = (
				655F5FCA21E6112000D40EE3 /* Debug */,
				655F5FCB21E6112000D40EE3 /* Release */,
			);
			defaultConfigurationIsVisible = 0;
			defaultConfigurationName = Release;
		};
		655F5FCC21E6112000D40EE3 /* Build configuration list for PBXNativeTarget "PagingTableViewTests" */ = {
			isa = XCConfigurationList;
			buildConfigurations = (
				655F5FCD21E6112000D40EE3 /* Debug */,
				655F5FCE21E6112000D40EE3 /* Release */,
			);
			defaultConfigurationIsVisible = 0;
			defaultConfigurationName = Release;
		};
		655F5FCF21E6112000D40EE3 /* Build configuration list for PBXNativeTarget "PagingTableViewUITests" */ = {
			isa = XCConfigurationList;
			buildConfigurations = (
				655F5FD021E6112000D40EE3 /* Debug */,
				655F5FD121E6112000D40EE3 /* Release */,
			);
			defaultConfigurationIsVisible = 0;
			defaultConfigurationName = Release;
		};
/* End XCConfigurationList section */
	};
	rootObject = 655F5F9521E6111D00D40EE3 /* Project object */;
}
